// !$*UTF8*$!
{
	archiveVersion = 1;
	classes = {
	};
	objectVersion = 50;
	objects = {

/* Begin PBXBuildFile section */
		B1BC451B2225056000B656EA /* AppDelegate.swift in Sources */ = {isa = PBXBuildFile; fileRef = B1BC451A2225056000B656EA /* AppDelegate.swift */; };
		B1BC451D2225056000B656EA /* ViewController.swift in Sources */ = {isa = PBXBuildFile; fileRef = B1BC451C2225056000B656EA /* ViewController.swift */; };
		B1BC45202225056000B656EA /* Main.storyboard in Resources */ = {isa = PBXBuildFile; fileRef = B1BC451E2225056000B656EA /* Main.storyboard */; };
		B1BC45232225056000B656EA /* collectex.xcdatamodeld in Sources */ = {isa = PBXBuildFile; fileRef = B1BC45212225056000B656EA /* collectex.xcdatamodeld */; };
		B1BC45252225056200B656EA /* Assets.xcassets in Resources */ = {isa = PBXBuildFile; fileRef = B1BC45242225056200B656EA /* Assets.xcassets */; };
		B1BC45282225056200B656EA /* LaunchScreen.storyboard in Resources */ = {isa = PBXBuildFile; fileRef = B1BC45262225056200B656EA /* LaunchScreen.storyboard */; };
		B1BC45302225070200B656EA /* CollectionViewCell.swift in Sources */ = {isa = PBXBuildFile; fileRef = B1BC452F2225070200B656EA /* CollectionViewCell.swift */; };
/* End PBXBuildFile section */

/* Begin PBXFileReference section */
		B1BC45172225056000B656EA /* collectex.app */ = {isa = PBXFileReference; explicitFileType = wrapper.application; includeInIndex = 0; path = collectex.app; sourceTree = BUILT_PRODUCTS_DIR; };
		B1BC451A2225056000B656EA /* AppDelegate.swift */ = {isa = PBXFileReference; lastKnownFileType = sourcecode.swift; path = AppDelegate.swift; sourceTree = "<group>"; };
		B1BC451C2225056000B656EA /* ViewController.swift */ = {isa = PBXFileReference; lastKnownFileType = sourcecode.swift; path = ViewController.swift; sourceTree = "<group>"; };
		B1BC451F2225056000B656EA /* Base */ = {isa = PBXFileReference; lastKnownFileType = file.storyboard; name = Base; path = Base.lproj/Main.storyboard; sourceTree = "<group>"; };
		B1BC45222225056000B656EA /* collectex.xcdatamodel */ = {isa = PBXFileReference; lastKnownFileType = wrapper.xcdatamodel; path = collectex.xcdatamodel; sourceTree = "<group>"; };
		B1BC45242225056200B656EA /* Assets.xcassets */ = {isa = PBXFileReference; lastKnownFileType = folder.assetcatalog; path = Assets.xcassets; sourceTree = "<group>"; };
		B1BC45272225056200B656EA /* Base */ = {isa = PBXFileReference; lastKnownFileType = file.storyboard; name = Base; path = Base.lproj/LaunchScreen.storyboard; sourceTree = "<group>"; };
		B1BC45292225056200B656EA /* Info.plist */ = {isa = PBXFileReference; lastKnownFileType = text.plist.xml; path = Info.plist; sourceTree = "<group>"; };
		B1BC452F2225070200B656EA /* CollectionViewCell.swift */ = {isa = PBXFileReference; lastKnownFileType = sourcecode.swift; path = CollectionViewCell.swift; sourceTree = "<group>"; };
/* End PBXFileReference section */

/* Begin PBXFrameworksBuildPhase section */
		B1BC45142225056000B656EA /* Frameworks */ = {
			isa = PBXFrameworksBuildPhase;
			buildActionMask = 2147483647;
			files = (
			);
			runOnlyForDeploymentPostprocessing = 0;
		};
/* End PBXFrameworksBuildPhase section */

/* Begin PBXGroup section */
		B1BC450E2225056000B656EA = {
			isa = PBXGroup;
			children = (
				B1BC45192225056000B656EA /* collectex */,
				B1BC45182225056000B656EA /* Products */,
			);
			sourceTree = "<group>";
		};
		B1BC45182225056000B656EA /* Products */ = {
			isa = PBXGroup;
			children = (
				B1BC45172225056000B656EA /* collectex.app */,
			);
			name = Products;
			sourceTree = "<group>";
		};
		B1BC45192225056000B656EA /* collectex */ = {
			isa = PBXGroup;
			children = (
				B1BC451A2225056000B656EA /* AppDelegate.swift */,
				B1BC451C2225056000B656EA /* ViewController.swift */,
				B1BC451E2225056000B656EA /* Main.storyboard */,
				B1BC45242225056200B656EA /* Assets.xcassets */,
				B1BC45262225056200B656EA /* LaunchScreen.storyboard */,
				B1BC45292225056200B656EA /* Info.plist */,
				B1BC45212225056000B656EA /* collectex.xcdatamodeld */,
				B1BC452F2225070200B656EA /* CollectionViewCell.swift */,
			);
			path = collectex;
			sourceTree = "<group>";
		};
/* End PBXGroup section */

/* Begin PBXNativeTarget section */
		B1BC45162225056000B656EA /* collectex */ = {
			isa = PBXNativeTarget;
			buildConfigurationList = B1BC452C2225056200B656EA /* Build configuration list for PBXNativeTarget "collectex" */;
			buildPhases = (
				B1BC45132225056000B656EA /* Sources */,
				B1BC45142225056000B656EA /* Frameworks */,
				B1BC45152225056000B656EA /* Resources */,
			);
			buildRules = (
			);
			dependencies = (
			);
			name = collectex;
			productName = collectex;
			productReference = B1BC45172225056000B656EA /* collectex.app */;
			productType = "com.apple.product-type.application";
		};
/* End PBXNativeTarget section */

/* Begin PBXProject section */
		B1BC450F2225056000B656EA /* Project object */ = {
			isa = PBXProject;
			attributes = {
				LastSwiftUpdateCheck = 1010;
				LastUpgradeCheck = 1010;
				ORGANIZATIONNAME = "Ventuno Technologies";
				TargetAttributes = {
					B1BC45162225056000B656EA = {
						CreatedOnToolsVersion = 10.1;
					};
				};
			};
			buildConfigurationList = B1BC45122225056000B656EA /* Build configuration list for PBXProject "collectex" */;
			compatibilityVersion = "Xcode 9.3";
			developmentRegion = en;
			hasScannedForEncodings = 0;
			knownRegions = (
				en,
				Base,
			);
			mainGroup = B1BC450E2225056000B656EA;
			productRefGroup = B1BC45182225056000B656EA /* Products */;
			projectDirPath = "";
			projectRoot = "";
			targets = (
				B1BC45162225056000B656EA /* collectex */,
			);
		};
/* End PBXProject section */

/* Begin PBXResourcesBuildPhase section */
		B1BC45152225056000B656EA /* Resources */ = {
			isa = PBXResourcesBuildPhase;
			buildActionMask = 2147483647;
			files = (
				B1BC45282225056200B656EA /* LaunchScreen.storyboard in Resources */,
				B1BC45252225056200B656EA /* Assets.xcassets in Resources */,
				B1BC45202225056000B656EA /* Main.storyboard in Resources */,
			);
			runOnlyForDeploymentPostprocessing = 0;
		};
/* End PBXResourcesBuildPhase section */

/* Begin PBXSourcesBuildPhase section */
		B1BC45132225056000B656EA /* Sources */ = {
			isa = PBXSourcesBuildPhase;
			buildActionMask = 2147483647;
			files = (
				B1BC451D2225056000B656EA /* ViewController.swift in Sources */,
				B1BC451B2225056000B656EA /* AppDelegate.swift in Sources */,
				B1BC45302225070200B656EA /* CollectionViewCell.swift in Sources */,
				B1BC45232225056000B656EA /* collectex.xcdatamodeld in Sources */,
			);
			runOnlyForDeploymentPostprocessing = 0;
		};
/* End PBXSourcesBuildPhase section */

/* Begin PBXVariantGroup section */
		B1BC451E2225056000B656EA /* Main.storyboard */ = {
			isa = PBXVariantGroup;
			children = (
				B1BC451F2225056000B656EA /* Base */,
			);
			name = Main.storyboard;
			sourceTree = "<group>";
		};
		B1BC45262225056200B656EA /* LaunchScreen.storyboard */ = {
			isa = PBXVariantGroup;
			children = (
				B1BC45272225056200B656EA /* Base */,
			);
			name = LaunchScreen.storyboard;
			sourceTree = "<group>";
		};
/* End PBXVariantGroup section */

/* Begin XCBuildConfiguration section */
		B1BC452A2225056200B656EA /* Debug */ = {
			isa = XCBuildConfiguration;
			buildSettings = {
				ALWAYS_SEARCH_USER_PATHS = NO;
				CLANG_ANALYZER_NONNULL = YES;
				CLANG_ANALYZER_NUMBER_OBJECT_CONVERSION = YES_AGGRESSIVE;
				CLANG_CXX_LANGUAGE_STANDARD = "gnu++14";
				CLANG_CXX_LIBRARY = "libc++";
				CLANG_ENABLE_MODULES = YES;
				CLANG_ENABLE_OBJC_ARC = YES;
				CLANG_ENABLE_OBJC_WEAK = YES;
				CLANG_WARN_BLOCK_CAPTURE_AUTORELEASING = YES;
				CLANG_WARN_BOOL_CONVERSION = YES;
				CLANG_WARN_COMMA = YES;
				CLANG_WARN_CONSTANT_CONVERSION = YES;
				CLANG_WARN_DEPRECATED_OBJC_IMPLEMENTATIONS = YES;
				CLANG_WARN_DIRECT_OBJC_ISA_USAGE = YES_ERROR;
				CLANG_WARN_DOCUMENTATION_COMMENTS = YES;
				CLANG_WARN_EMPTY_BODY = YES;
				CLANG_WARN_ENUM_CONVERSION = YES;
				CLANG_WARN_INFINITE_RECURSION = YES;
				CLANG_WARN_INT_CONVERSION = YES;
				CLANG_WARN_NON_LITERAL_NULL_CONVERSION = YES;
				CLANG_WARN_OBJC_IMPLICIT_RETAIN_SELF = YES;
				CLANG_WARN_OBJC_LITERAL_CONVERSION = YES;
				CLANG_WARN_OBJC_ROOT_CLASS = YES_ERROR;
				CLANG_WARN_RANGE_LOOP_ANALYSIS = YES;
				CLANG_WARN_STRICT_PROTOTYPES = YES;
				CLANG_WARN_SUSPICIOUS_MOVE = YES;
				CLANG_WARN_UNGUARDED_AVAILABILITY = YES_AGGRESSIVE;
				CLANG_WARN_UNREACHABLE_CODE = YES;
				CLANG_WARN__DUPLICATE_METHOD_MATCH = YES;
				CODE_SIGN_IDENTITY = "iPhone Developer";
				COPY_PHASE_STRIP = NO;
				DEBUG_INFORMATION_FORMAT = dwarf;
				ENABLE_STRICT_OBJC_MSGSEND = YES;
				ENABLE_TESTABILITY = YES;
				GCC_C_LANGUAGE_STANDARD = gnu11;
				GCC_DYNAMIC_NO_PIC = NO;
				GCC_NO_COMMON_BLOCKS = YES;
				GCC_OPTIMIZATION_LEVEL = 0;
				GCC_PREPROCESSOR_DEFINITIONS = (
					"DEBUG=1",
					"$(inherited)",
				);
				GCC_WARN_64_TO_32_BIT_CONVERSION = YES;
				GCC_WARN_ABOUT_RETURN_TYPE = YES_ERROR;
				GCC_WARN_UNDECLARED_SELECTOR = YES;
				GCC_WARN_UNINITIALIZED_AUTOS = YES_AGGRESSIVE;
				GCC_WARN_UNUSED_FUNCTION = YES;
				GCC_WARN_UNUSED_VARIABLE = YES;
				IPHONEOS_DEPLOYMENT_TARGET = 12.1;
				MTL_ENABLE_DEBUG_INFO = INCLUDE_SOURCE;
				MTL_FAST_MATH = YES;
				ONLY_ACTIVE_ARCH = YES;
				SDKROOT = iphoneos;
				SWIFT_ACTIVE_COMPILATION_CONDITIONS = DEBUG;
				SWIFT_OPTIMIZATION_LEVEL = "-Onone";
			};
			name = Debug;
		};
		B1BC452B2225056200B656EA /* Release */ = {
			isa = XCBuildConfiguration;
			buildSettings = {
				ALWAYS_SEARCH_USER_PATHS = NO;
				CLANG_ANALYZER_NONNULL = YES;
				CLANG_ANALYZER_NUMBER_OBJECT_CONVERSION = YES_AGGRESSIVE;
				CLANG_CXX_LANGUAGE_STANDARD = "gnu++14";
				CLANG_CXX_LIBRARY = "libc++";
				CLANG_ENABLE_MODULES = YES;
				CLANG_ENABLE_OBJC_ARC = YES;
				CLANG_ENABLE_OBJC_WEAK = YES;
				CLANG_WARN_BLOCK_CAPTURE_AUTORELEASING = YES;
				CLANG_WARN_BOOL_CONVERSION = YES;
				CLANG_WARN_COMMA = YES;
				CLANG_WARN_CONSTANT_CONVERSION = YES;
				CLANG_WARN_DEPRECATED_OBJC_IMPLEMENTATIONS = YES;
				CLANG_WARN_DIRECT_OBJC_ISA_USAGE = YES_ERROR;
				CLANG_WARN_DOCUMENTATION_COMMENTS = YES;
				CLANG_WARN_EMPTY_BODY = YES;
				CLANG_WARN_ENUM_CONVERSION = YES;
				CLANG_WARN_INFINITE_RECURSION = YES;
				CLANG_WARN_INT_CONVERSION = YES;
				CLANG_WARN_NON_LITERAL_NULL_CONVERSION = YES;
				CLANG_WARN_OBJC_IMPLICIT_RETAIN_SELF = YES;
				CLANG_WARN_OBJC_LITERAL_CONVERSION = YES;
				CLANG_WARN_OBJC_ROOT_CLASS = YES_ERROR;
				CLANG_WARN_RANGE_LOOP_ANALYSIS = YES;
				CLANG_WARN_STRICT_PROTOTYPES = YES;
				CLANG_WARN_SUSPICIOUS_MOVE = YES;
				CLANG_WARN_UNGUARDED_AVAILABILITY = YES_AGGRESSIVE;
				CLANG_WARN_UNREACHABLE_CODE = YES;
				CLANG_WARN__DUPLICATE_METHOD_MATCH = YES;
				CODE_SIGN_IDENTITY = "iPhone Developer";
				COPY_PHASE_STRIP = NO;
				DEBUG_INFORMATION_FORMAT = "dwarf-with-dsym";
				ENABLE_NS_ASSERTIONS = NO;
				ENABLE_STRICT_OBJC_MSGSEND = YES;
				GCC_C_LANGUAGE_STANDARD = gnu11;
				GCC_NO_COMMON_BLOCKS = YES;
				GCC_WARN_64_TO_32_BIT_CONVERSION = YES;
				GCC_WARN_ABOUT_RETURN_TYPE = YES_ERROR;
				GCC_WARN_UNDECLARED_SELECTOR = YES;
				GCC_WARN_UNINITIALIZED_AUTOS = YES_AGGRESSIVE;
				GCC_WARN_UNUSED_FUNCTION = YES;
				GCC_WARN_UNUSED_VARIABLE = YES;
				IPHONEOS_DEPLOYMENT_TARGET = 12.1;
				MTL_ENABLE_DEBUG_INFO = NO;
				MTL_FAST_MATH = YES;
				SDKROOT = iphoneos;
				SWIFT_COMPILATION_MODE = wholemodule;
				SWIFT_OPTIMIZATION_LEVEL = "-O";
				VALIDATE_PRODUCT = YES;
			};
			name = Release;
		};
		B1BC452D2225056200B656EA /* Debug */ = {
			isa = XCBuildConfiguration;
			buildSettings = {
				ASSETCATALOG_COMPILER_APPICON_NAME = AppIcon;
				CODE_SIGN_STYLE = Automatic;
				DEVELOPMENT_TEAM = 24K62CK4V7;
				INFOPLIST_FILE = collectex/Info.plist;
				IPHONEOS_DEPLOYMENT_TARGET = 9.0;
				LD_RUNPATH_SEARCH_PATHS = (
					"$(inherited)",
					"@executable_path/Frameworks",
				);
				PRODUCT_BUNDLE_IDENTIFIER = com.ventuno.demo.app.collectex;
				PRODUCT_NAME = "$(TARGET_NAME)";
				SWIFT_VERSION = 4.2;
				TARGETED_DEVICE_FAMILY = "1,2";
			};
			name = Debug;
		};
		B1BC452E2225056200B656EA /* Release */ = {
			isa = XCBuildConfiguration;
			buildSettings = {
				ASSETCATALOG_COMPILER_APPICON_NAME = AppIcon;
				CODE_SIGN_STYLE = Automatic;
				DEVELOPMENT_TEAM = 24K62CK4V7;
				INFOPLIST_FILE = collectex/Info.plist;
				IPHONEOS_DEPLOYMENT_TARGET = 9.0;
				LD_RUNPATH_SEARCH_PATHS = (
					"$(inherited)",
					"@executable_path/Frameworks",
				);
				PRODUCT_BUNDLE_IDENTIFIER = com.ventuno.demo.app.collectex;
				PRODUCT_NAME = "$(TARGET_NAME)";
				SWIFT_VERSION = 4.2;
				TARGETED_DEVICE_FAMILY = "1,2";
			};
			name = Release;
		};
/* End XCBuildConfiguration section */

/* Begin XCConfigurationList section */
		B1BC45122225056000B656EA /* Build configuration list for PBXProject "collectex" */ = {
			isa = XCConfigurationList;
			buildConfigurations = (
				B1BC452A2225056200B656EA /* Debug */,
				B1BC452B2225056200B656EA /* Release */,
			);
			defaultConfigurationIsVisible = 0;
			defaultConfigurationName = Release;
		};
		B1BC452C2225056200B656EA /* Build configuration list for PBXNativeTarget "collectex" */ = {
			isa = XCConfigurationList;
			buildConfigurations = (
				B1BC452D2225056200B656EA /* Debug */,
				B1BC452E2225056200B656EA /* Release */,
			);
			defaultConfigurationIsVisible = 0;
			defaultConfigurationName = Release;
		};
/* End XCConfigurationList section */

/* Begin XCVersionGroup section */
		B1BC45212225056000B656EA /* collectex.xcdatamodeld */ = {
			isa = XCVersionGroup;
			children = (
				B1BC45222225056000B656EA /* collectex.xcdatamodel */,
			);
			currentVersion = B1BC45222225056000B656EA /* collectex.xcdatamodel */;
			path = collectex.xcdatamodeld;
			sourceTree = "<group>";
			versionGroupType = wrapper.xcdatamodel;
		};
/* End XCVersionGroup section */
	};
	rootObject = B1BC450F2225056000B656EA /* Project object */;
}
